{
  "name": "no-llms-ts-sandbox",
  "version": "1.0.0",
  "lockfileVersion": 3,
  "requires": true,
  "packages": {
    "": {
      "name": "no-llms-ts-sandbox",
      "version": "1.0.0",
      "devDependencies": {
        "typescript": "5.6.3"
      }
    },
    "node_modules/typescript": {
      "version": "5.6.3",
      "resolved": "https://registry.npmjs.org/typescript/-/typescript-5.6.3.tgz",
      "integrity": "sha512-hjcSyuWNVhmiQNqfjjM7YfCu7hEwM0w3S/j9v6zepjNSg5eS6+y2QeTQhWJxdxGzMVaS8e2CKO7hM2mMxoN5vQ==",
      "dev": true,
      "bin": {
        "tsc": "bin/tsc",
        "tsserver": "bin/tsserver"
      }
    }
  }
}
